
Microsoft Visual Studio Solution File, Format Version 12.00
# Visual Studio Version 17
VisualStudioVersion = 17.2.32630.192
MinimumVisualStudioVersion = 10.0.40219.1
Project("{FAE04EC0-301F-11D3-BF4B-00C04F79EFBC}") = "Evaluacion", "Evaluacion\Evaluacion.csproj", "{0C5F11AB-1587-4FFE-B8D6-2A21A52FD31F}"
EndProject
Global
	GlobalSection(SolutionConfigurationPlatforms) = preSolution
		Debug|Any CPU = Debug|Any CPU
		Release|Any CPU = Release|Any CPU
	EndGlobalSection
	GlobalSection(ProjectConfigurationPlatforms) = postSolution
		{0C5F11AB-1587-4FFE-B8D6-2A21A52FD31F}.Debug|Any CPU.ActiveCfg = Debug|Any CPU
		{0C5F11AB-1587-4FFE-B8D6-2A21A52FD31F}.Debug|Any CPU.Build.0 = Debug|Any CPU
		{0C5F11AB-1587-4FFE-B8D6-2A21A52FD31F}.Release|Any CPU.ActiveCfg = Release|Any CPU
		{0C5F11AB-1587-4FFE-B8D6-2A21A52FD31F}.Release|Any CPU.Build.0 = Release|Any CPU
	EndGlobalSection
	GlobalSection(SolutionProperties) = preSolution
		HideSolutionNode = FALSE
	EndGlobalSection
	GlobalSection(ExtensibilityGlobals) = postSolution
		SolutionGuid = {4E07A202-91E0-4FC4-8074-431E97718F2F}
	EndGlobalSection
EndGlobal
